
Microsoft Visual Studio Solution File, Format Version 12.00
# Visual Studio Version 16
VisualStudioVersion = 16.0.31005.135
MinimumVisualStudioVersion = 10.0.40219.1
Project("{9A19103F-16F7-4668-BE54-9A1E7A4F7556}") = "Identity", "Identity\Identity.csproj", "{6F857D34-12DF-46F6-B49C-005C07F16B94}"
EndProject
Project("{FAE04EC0-301F-11D3-BF4B-00C04F79EFBC}") = "Basics", "Basics\Basics.csproj", "{EDC0C1BE-E2C2-4FAA-BC7A-E8D8425A0513}"
EndProject
Global
	GlobalSection(SolutionConfigurationPlatforms) = preSolution
		Debug|Any CPU = Debug|Any CPU
		Release|Any CPU = Release|Any CPU
	EndGlobalSection
	GlobalSection(ProjectConfigurationPlatforms) = postSolution
		{6F857D34-12DF-46F6-B49C-005C07F16B94}.Debug|Any CPU.ActiveCfg = Debug|Any CPU
		{6F857D34-12DF-46F6-B49C-005C07F16B94}.Debug|Any CPU.Build.0 = Debug|Any CPU
		{6F857D34-12DF-46F6-B49C-005C07F16B94}.Release|Any CPU.ActiveCfg = Release|Any CPU
		{6F857D34-12DF-46F6-B49C-005C07F16B94}.Release|Any CPU.Build.0 = Release|Any CPU
		{EDC0C1BE-E2C2-4FAA-BC7A-E8D8425A0513}.Debug|Any CPU.ActiveCfg = Debug|Any CPU
		{EDC0C1BE-E2C2-4FAA-BC7A-E8D8425A0513}.Debug|Any CPU.Build.0 = Debug|Any CPU
		{EDC0C1BE-E2C2-4FAA-BC7A-E8D8425A0513}.Release|Any CPU.ActiveCfg = Release|Any CPU
		{EDC0C1BE-E2C2-4FAA-BC7A-E8D8425A0513}.Release|Any CPU.Build.0 = Release|Any CPU
	EndGlobalSection
	GlobalSection(SolutionProperties) = preSolution
		HideSolutionNode = FALSE
	EndGlobalSection
	GlobalSection(ExtensibilityGlobals) = postSolution
		SolutionGuid = {B463E385-7C86-448B-A42C-196E72316EDA}
	EndGlobalSection
EndGlobal
